// !$*UTF8*$!
{
	archiveVersion = 1;
	classes = {
	};
	objectVersion = 46;
	objects = {

/* Begin PBXBuildFile section */
		E05D445E19B92D38001782D3 /* main.swift in Sources */ = {isa = PBXBuildFile; fileRef = E05D445D19B92D38001782D3 /* main.swift */; };
		E05D446019B92D38001782D3 /* AppDelegate.swift in Sources */ = {isa = PBXBuildFile; fileRef = E05D445F19B92D38001782D3 /* AppDelegate.swift */; };
		E05D446219B92D38001782D3 /* GameScene.swift in Sources */ = {isa = PBXBuildFile; fileRef = E05D446119B92D38001782D3 /* GameScene.swift */; };
		E05D446419B92D38001782D3 /* GameScene.sks in Resources */ = {isa = PBXBuildFile; fileRef = E05D446319B92D38001782D3 /* GameScene.sks */; };
		E05D446619B92D38001782D3 /* Images.xcassets in Resources */ = {isa = PBXBuildFile; fileRef = E05D446519B92D38001782D3 /* Images.xcassets */; };
		E05D446919B92D38001782D3 /* MainMenu.xib in Resources */ = {isa = PBXBuildFile; fileRef = E05D446719B92D38001782D3 /* MainMenu.xib */; };
		E05D447519B92D38001782D3 /* TackyTowerTests.swift in Sources */ = {isa = PBXBuildFile; fileRef = E05D447419B92D38001782D3 /* TackyTowerTests.swift */; };
		E05D447F19B93CC7001782D3 /* MenuNode.swift in Sources */ = {isa = PBXBuildFile; fileRef = E05D447E19B93CC7001782D3 /* MenuNode.swift */; };
		E0C8B38219BB5ED800C208D9 /* LobbyNode.swift in Sources */ = {isa = PBXBuildFile; fileRef = E0C8B38119BB5ED800C208D9 /* LobbyNode.swift */; };
		E0C8B38419BB941300C208D9 /* RoomNode.swift in Sources */ = {isa = PBXBuildFile; fileRef = E0C8B38319BB941300C208D9 /* RoomNode.swift */; };
		E0C8B38719BBC99600C208D9 /* Grid.swift in Sources */ = {isa = PBXBuildFile; fileRef = E0C8B38619BBC99600C208D9 /* Grid.swift */; };
/* End PBXBuildFile section */

/* Begin PBXContainerItemProxy section */
		E05D446F19B92D38001782D3 /* PBXContainerItemProxy */ = {
			isa = PBXContainerItemProxy;
			containerPortal = E05D445019B92D38001782D3 /* Project object */;
			proxyType = 1;
			remoteGlobalIDString = E05D445719B92D38001782D3;
			remoteInfo = TackyTower;
		};
/* End PBXContainerItemProxy section */

/* Begin PBXFileReference section */
		E05D445819B92D38001782D3 /* TackyTower.app */ = {isa = PBXFileReference; explicitFileType = wrapper.application; includeInIndex = 0; path = TackyTower.app; sourceTree = BUILT_PRODUCTS_DIR; };
		E05D445C19B92D38001782D3 /* Info.plist */ = {isa = PBXFileReference; lastKnownFileType = text.plist.xml; path = Info.plist; sourceTree = "<group>"; };
		E05D445D19B92D38001782D3 /* main.swift */ = {isa = PBXFileReference; lastKnownFileType = sourcecode.swift; path = main.swift; sourceTree = "<group>"; };
		E05D445F19B92D38001782D3 /* AppDelegate.swift */ = {isa = PBXFileReference; lastKnownFileType = sourcecode.swift; path = AppDelegate.swift; sourceTree = "<group>"; };
		E05D446119B92D38001782D3 /* GameScene.swift */ = {isa = PBXFileReference; lastKnownFileType = sourcecode.swift; path = GameScene.swift; sourceTree = "<group>"; };
		E05D446319B92D38001782D3 /* GameScene.sks */ = {isa = PBXFileReference; lastKnownFileType = file.sks; path = GameScene.sks; sourceTree = "<group>"; };
		E05D446519B92D38001782D3 /* Images.xcassets */ = {isa = PBXFileReference; lastKnownFileType = folder.assetcatalog; path = Images.xcassets; sourceTree = "<group>"; };
		E05D446819B92D38001782D3 /* Base */ = {isa = PBXFileReference; lastKnownFileType = file.xib; name = Base; path = Base.lproj/MainMenu.xib; sourceTree = "<group>"; };
		E05D446E19B92D38001782D3 /* TackyTowerTests.xctest */ = {isa = PBXFileReference; explicitFileType = wrapper.cfbundle; includeInIndex = 0; path = TackyTowerTests.xctest; sourceTree = BUILT_PRODUCTS_DIR; };
		E05D447319B92D38001782D3 /* Info.plist */ = {isa = PBXFileReference; lastKnownFileType = text.plist.xml; path = Info.plist; sourceTree = "<group>"; };
		E05D447419B92D38001782D3 /* TackyTowerTests.swift */ = {isa = PBXFileReference; lastKnownFileType = sourcecode.swift; path = TackyTowerTests.swift; sourceTree = "<group>"; };
		E05D447E19B93CC7001782D3 /* MenuNode.swift */ = {isa = PBXFileReference; fileEncoding = 4; lastKnownFileType = sourcecode.swift; path = MenuNode.swift; sourceTree = "<group>"; };
		E0C8B38119BB5ED800C208D9 /* LobbyNode.swift */ = {isa = PBXFileReference; fileEncoding = 4; lastKnownFileType = sourcecode.swift; path = LobbyNode.swift; sourceTree = "<group>"; };
		E0C8B38319BB941300C208D9 /* RoomNode.swift */ = {isa = PBXFileReference; fileEncoding = 4; lastKnownFileType = sourcecode.swift; path = RoomNode.swift; sourceTree = "<group>"; };
		E0C8B38619BBC99600C208D9 /* Grid.swift */ = {isa = PBXFileReference; fileEncoding = 4; lastKnownFileType = sourcecode.swift; path = Grid.swift; sourceTree = "<group>"; };
/* End PBXFileReference section */

/* Begin PBXFrameworksBuildPhase section */
		E05D445519B92D38001782D3 /* Frameworks */ = {
			isa = PBXFrameworksBuildPhase;
			buildActionMask = 2147483647;
			files = (
			);
			runOnlyForDeploymentPostprocessing = 0;
		};
		E05D446B19B92D38001782D3 /* Frameworks */ = {
			isa = PBXFrameworksBuildPhase;
			buildActionMask = 2147483647;
			files = (
			);
			runOnlyForDeploymentPostprocessing = 0;
		};
/* End PBXFrameworksBuildPhase section */

/* Begin PBXGroup section */
		E05D444F19B92D38001782D3 = {
			isa = PBXGroup;
			children = (
				E05D445A19B92D38001782D3 /* TackyTower */,
				E05D447119B92D38001782D3 /* TackyTowerTests */,
				E05D445919B92D38001782D3 /* Products */,
			);
			sourceTree = "<group>";
		};
		E05D445919B92D38001782D3 /* Products */ = {
			isa = PBXGroup;
			children = (
				E05D445819B92D38001782D3 /* TackyTower.app */,
				E05D446E19B92D38001782D3 /* TackyTowerTests.xctest */,
			);
			name = Products;
			sourceTree = "<group>";
		};
		E05D445A19B92D38001782D3 /* TackyTower */ = {
			isa = PBXGroup;
			children = (
				E0C8B38519BBC8ED00C208D9 /* Grid */,
				E0C8B38019BB5EAC00C208D9 /* Rooms */,
				E05D445F19B92D38001782D3 /* AppDelegate.swift */,
				E05D446119B92D38001782D3 /* GameScene.swift */,
				E05D446319B92D38001782D3 /* GameScene.sks */,
				E05D446519B92D38001782D3 /* Images.xcassets */,
				E05D446719B92D38001782D3 /* MainMenu.xib */,
				E05D445B19B92D38001782D3 /* Supporting Files */,
				E05D447E19B93CC7001782D3 /* MenuNode.swift */,
			);
			path = TackyTower;
			sourceTree = "<group>";
		};
		E05D445B19B92D38001782D3 /* Supporting Files */ = {
			isa = PBXGroup;
			children = (
				E05D445C19B92D38001782D3 /* Info.plist */,
				E05D445D19B92D38001782D3 /* main.swift */,
			);
			name = "Supporting Files";
			sourceTree = "<group>";
		};
		E05D447119B92D38001782D3 /* TackyTowerTests */ = {
			isa = PBXGroup;
			children = (
				E05D447419B92D38001782D3 /* TackyTowerTests.swift */,
				E05D447219B92D38001782D3 /* Supporting Files */,
			);
			path = TackyTowerTests;
			sourceTree = "<group>";
		};
		E05D447219B92D38001782D3 /* Supporting Files */ = {
			isa = PBXGroup;
			children = (
				E05D447319B92D38001782D3 /* Info.plist */,
			);
			name = "Supporting Files";
			sourceTree = "<group>";
		};
		E0C8B38019BB5EAC00C208D9 /* Rooms */ = {
			isa = PBXGroup;
			children = (
				E0C8B38119BB5ED800C208D9 /* LobbyNode.swift */,
				E0C8B38319BB941300C208D9 /* RoomNode.swift */,
			);
			path = Rooms;
			sourceTree = "<group>";
		};
		E0C8B38519BBC8ED00C208D9 /* Grid */ = {
			isa = PBXGroup;
			children = (
				E0C8B38619BBC99600C208D9 /* Grid.swift */,
			);
			path = Grid;
			sourceTree = "<group>";
		};
/* End PBXGroup section */

/* Begin PBXNativeTarget section */
		E05D445719B92D38001782D3 /* TackyTower */ = {
			isa = PBXNativeTarget;
			buildConfigurationList = E05D447819B92D38001782D3 /* Build configuration list for PBXNativeTarget "TackyTower" */;
			buildPhases = (
				E05D445419B92D38001782D3 /* Sources */,
				E05D445519B92D38001782D3 /* Frameworks */,
				E05D445619B92D38001782D3 /* Resources */,
			);
			buildRules = (
			);
			dependencies = (
			);
			name = TackyTower;
			productName = TackyTower;
			productReference = E05D445819B92D38001782D3 /* TackyTower.app */;
			productType = "com.apple.product-type.application";
		};
		E05D446D19B92D38001782D3 /* TackyTowerTests */ = {
			isa = PBXNativeTarget;
			buildConfigurationList = E05D447B19B92D38001782D3 /* Build configuration list for PBXNativeTarget "TackyTowerTests" */;
			buildPhases = (
				E05D446A19B92D38001782D3 /* Sources */,
				E05D446B19B92D38001782D3 /* Frameworks */,
				E05D446C19B92D38001782D3 /* Resources */,
			);
			buildRules = (
			);
			dependencies = (
				E05D447019B92D38001782D3 /* PBXTargetDependency */,
			);
			name = TackyTowerTests;
			productName = TackyTowerTests;
			productReference = E05D446E19B92D38001782D3 /* TackyTowerTests.xctest */;
			productType = "com.apple.product-type.bundle.unit-test";
		};
/* End PBXNativeTarget section */

/* Begin PBXProject section */
		E05D445019B92D38001782D3 /* Project object */ = {
			isa = PBXProject;
			attributes = {
				LastUpgradeCheck = 0600;
				ORGANIZATIONNAME = AmplifiedProjects;
				TargetAttributes = {
					E05D445719B92D38001782D3 = {
						CreatedOnToolsVersion = 6.0;
					};
					E05D446D19B92D38001782D3 = {
						CreatedOnToolsVersion = 6.0;
						TestTargetID = E05D445719B92D38001782D3;
					};
				};
			};
			buildConfigurationList = E05D445319B92D38001782D3 /* Build configuration list for PBXProject "TackyTower" */;
			compatibilityVersion = "Xcode 3.2";
			developmentRegion = English;
			hasScannedForEncodings = 0;
			knownRegions = (
				en,
				Base,
			);
			mainGroup = E05D444F19B92D38001782D3;
			productRefGroup = E05D445919B92D38001782D3 /* Products */;
			projectDirPath = "";
			projectRoot = "";
			targets = (
				E05D445719B92D38001782D3 /* TackyTower */,
				E05D446D19B92D38001782D3 /* TackyTowerTests */,
			);
		};
/* End PBXProject section */

/* Begin PBXResourcesBuildPhase section */
		E05D445619B92D38001782D3 /* Resources */ = {
			isa = PBXResourcesBuildPhase;
			buildActionMask = 2147483647;
			files = (
				E05D446419B92D38001782D3 /* GameScene.sks in Resources */,
				E05D446619B92D38001782D3 /* Images.xcassets in Resources */,
				E05D446919B92D38001782D3 /* MainMenu.xib in Resources */,
			);
			runOnlyForDeploymentPostprocessing = 0;
		};
		E05D446C19B92D38001782D3 /* Resources */ = {
			isa = PBXResourcesBuildPhase;
			buildActionMask = 2147483647;
			files = (
			);
			runOnlyForDeploymentPostprocessing = 0;
		};
/* End PBXResourcesBuildPhase section */

/* Begin PBXSourcesBuildPhase section */
		E05D445419B92D38001782D3 /* Sources */ = {
			isa = PBXSourcesBuildPhase;
			buildActionMask = 2147483647;
			files = (
				E0C8B38419BB941300C208D9 /* RoomNode.swift in Sources */,
				E05D447F19B93CC7001782D3 /* MenuNode.swift in Sources */,
				E0C8B38219BB5ED800C208D9 /* LobbyNode.swift in Sources */,
				E05D446219B92D38001782D3 /* GameScene.swift in Sources */,
				E05D446019B92D38001782D3 /* AppDelegate.swift in Sources */,
				E0C8B38719BBC99600C208D9 /* Grid.swift in Sources */,
				E05D445E19B92D38001782D3 /* main.swift in Sources */,
			);
			runOnlyForDeploymentPostprocessing = 0;
		};
		E05D446A19B92D38001782D3 /* Sources */ = {
			isa = PBXSourcesBuildPhase;
			buildActionMask = 2147483647;
			files = (
				E05D447519B92D38001782D3 /* TackyTowerTests.swift in Sources */,
			);
			runOnlyForDeploymentPostprocessing = 0;
		};
/* End PBXSourcesBuildPhase section */

/* Begin PBXTargetDependency section */
		E05D447019B92D38001782D3 /* PBXTargetDependency */ = {
			isa = PBXTargetDependency;
			target = E05D445719B92D38001782D3 /* TackyTower */;
			targetProxy = E05D446F19B92D38001782D3 /* PBXContainerItemProxy */;
		};
/* End PBXTargetDependency section */

/* Begin PBXVariantGroup section */
		E05D446719B92D38001782D3 /* MainMenu.xib */ = {
			isa = PBXVariantGroup;
			children = (
				E05D446819B92D38001782D3 /* Base */,
			);
			name = MainMenu.xib;
			sourceTree = "<group>";
		};
/* End PBXVariantGroup section */

/* Begin XCBuildConfiguration section */
		E05D447619B92D38001782D3 /* Debug */ = {
			isa = XCBuildConfiguration;
			buildSettings = {
				ALWAYS_SEARCH_USER_PATHS = NO;
				CLANG_CXX_LANGUAGE_STANDARD = "gnu++0x";
				CLANG_CXX_LIBRARY = "libc++";
				CLANG_ENABLE_MODULES = YES;
				CLANG_ENABLE_OBJC_ARC = YES;
				CLANG_WARN_BOOL_CONVERSION = YES;
				CLANG_WARN_CONSTANT_CONVERSION = YES;
				CLANG_WARN_DIRECT_OBJC_ISA_USAGE = YES_ERROR;
				CLANG_WARN_EMPTY_BODY = YES;
				CLANG_WARN_ENUM_CONVERSION = YES;
				CLANG_WARN_INT_CONVERSION = YES;
				CLANG_WARN_OBJC_ROOT_CLASS = YES_ERROR;
				CLANG_WARN_UNREACHABLE_CODE = YES;
				CLANG_WARN__DUPLICATE_METHOD_MATCH = YES;
				CODE_SIGN_IDENTITY = "-";
				COPY_PHASE_STRIP = NO;
				ENABLE_STRICT_OBJC_MSGSEND = YES;
				GCC_C_LANGUAGE_STANDARD = gnu99;
				GCC_DYNAMIC_NO_PIC = NO;
				GCC_OPTIMIZATION_LEVEL = 0;
				GCC_PREPROCESSOR_DEFINITIONS = (
					"DEBUG=1",
					"$(inherited)",
				);
				GCC_SYMBOLS_PRIVATE_EXTERN = NO;
				GCC_WARN_64_TO_32_BIT_CONVERSION = YES;
				GCC_WARN_ABOUT_RETURN_TYPE = YES_ERROR;
				GCC_WARN_UNDECLARED_SELECTOR = YES;
				GCC_WARN_UNINITIALIZED_AUTOS = YES_AGGRESSIVE;
				GCC_WARN_UNUSED_FUNCTION = YES;
				GCC_WARN_UNUSED_VARIABLE = YES;
				MACOSX_DEPLOYMENT_TARGET = 10.10;
				MTL_ENABLE_DEBUG_INFO = YES;
				ONLY_ACTIVE_ARCH = YES;
				SDKROOT = macosx;
				SWIFT_OPTIMIZATION_LEVEL = "-Onone";
			};
			name = Debug;
		};
		E05D447719B92D38001782D3 /* Release */ = {
			isa = XCBuildConfiguration;
			buildSettings = {
				ALWAYS_SEARCH_USER_PATHS = NO;
				CLANG_CXX_LANGUAGE_STANDARD = "gnu++0x";
				CLANG_CXX_LIBRARY = "libc++";
				CLANG_ENABLE_MODULES = YES;
				CLANG_ENABLE_OBJC_ARC = YES;
				CLANG_WARN_BOOL_CONVERSION = YES;
				CLANG_WARN_CONSTANT_CONVERSION = YES;
				CLANG_WARN_DIRECT_OBJC_ISA_USAGE = YES_ERROR;
				CLANG_WARN_EMPTY_BODY = YES;
				CLANG_WARN_ENUM_CONVERSION = YES;
				CLANG_WARN_INT_CONVERSION = YES;
				CLANG_WARN_OBJC_ROOT_CLASS = YES_ERROR;
				CLANG_WARN_UNREACHABLE_CODE = YES;
				CLANG_WARN__DUPLICATE_METHOD_MATCH = YES;
				CODE_SIGN_IDENTITY = "-";
				COPY_PHASE_STRIP = YES;
				DEBUG_INFORMATION_FORMAT = "dwarf-with-dsym";
				ENABLE_NS_ASSERTIONS = NO;
				ENABLE_STRICT_OBJC_MSGSEND = YES;
				GCC_C_LANGUAGE_STANDARD = gnu99;
				GCC_WARN_64_TO_32_BIT_CONVERSION = YES;
				GCC_WARN_ABOUT_RETURN_TYPE = YES_ERROR;
				GCC_WARN_UNDECLARED_SELECTOR = YES;
				GCC_WARN_UNINITIALIZED_AUTOS = YES_AGGRESSIVE;
				GCC_WARN_UNUSED_FUNCTION = YES;
				GCC_WARN_UNUSED_VARIABLE = YES;
				MACOSX_DEPLOYMENT_TARGET = 10.10;
				MTL_ENABLE_DEBUG_INFO = NO;
				SDKROOT = macosx;
			};
			name = Release;
		};
		E05D447919B92D38001782D3 /* Debug */ = {
			isa = XCBuildConfiguration;
			buildSettings = {
				ASSETCATALOG_COMPILER_APPICON_NAME = AppIcon;
				COMBINE_HIDPI_IMAGES = YES;
				INFOPLIST_FILE = TackyTower/Info.plist;
				LD_RUNPATH_SEARCH_PATHS = "$(inherited) @executable_path/../Frameworks";
				PRODUCT_NAME = "$(TARGET_NAME)";
			};
			name = Debug;
		};
		E05D447A19B92D38001782D3 /* Release */ = {
			isa = XCBuildConfiguration;
			buildSettings = {
				ASSETCATALOG_COMPILER_APPICON_NAME = AppIcon;
				COMBINE_HIDPI_IMAGES = YES;
				INFOPLIST_FILE = TackyTower/Info.plist;
				LD_RUNPATH_SEARCH_PATHS = "$(inherited) @executable_path/../Frameworks";
				PRODUCT_NAME = "$(TARGET_NAME)";
			};
			name = Release;
		};
		E05D447C19B92D38001782D3 /* Debug */ = {
			isa = XCBuildConfiguration;
			buildSettings = {
				BUNDLE_LOADER = "$(TEST_HOST)";
				COMBINE_HIDPI_IMAGES = YES;
				FRAMEWORK_SEARCH_PATHS = (
					"$(DEVELOPER_FRAMEWORKS_DIR)",
					"$(inherited)",
				);
				GCC_PREPROCESSOR_DEFINITIONS = (
					"DEBUG=1",
					"$(inherited)",
				);
				INFOPLIST_FILE = TackyTowerTests/Info.plist;
				LD_RUNPATH_SEARCH_PATHS = "$(inherited) @executable_path/../Frameworks @loader_path/../Frameworks";
				PRODUCT_NAME = "$(TARGET_NAME)";
				TEST_HOST = "$(BUILT_PRODUCTS_DIR)/TackyTower.app/Contents/MacOS/TackyTower";
			};
			name = Debug;
		};
		E05D447D19B92D38001782D3 /* Release */ = {
			isa = XCBuildConfiguration;
			buildSettings = {
				BUNDLE_LOADER = "$(TEST_HOST)";
				COMBINE_HIDPI_IMAGES = YES;
				FRAMEWORK_SEARCH_PATHS = (
					"$(DEVELOPER_FRAMEWORKS_DIR)",
					"$(inherited)",
				);
				INFOPLIST_FILE = TackyTowerTests/Info.plist;
				LD_RUNPATH_SEARCH_PATHS = "$(inherited) @executable_path/../Frameworks @loader_path/../Frameworks";
				PRODUCT_NAME = "$(TARGET_NAME)";
				TEST_HOST = "$(BUILT_PRODUCTS_DIR)/TackyTower.app/Contents/MacOS/TackyTower";
			};
			name = Release;
		};
/* End XCBuildConfiguration section */

/* Begin XCConfigurationList section */
		E05D445319B92D38001782D3 /* Build configuration list for PBXProject "TackyTower" */ = {
			isa = XCConfigurationList;
			buildConfigurations = (
				E05D447619B92D38001782D3 /* Debug */,
				E05D447719B92D38001782D3 /* Release */,
			);
			defaultConfigurationIsVisible = 0;
			defaultConfigurationName = Release;
		};
		E05D447819B92D38001782D3 /* Build configuration list for PBXNativeTarget "TackyTower" */ = {
			isa = XCConfigurationList;
			buildConfigurations = (
				E05D447919B92D38001782D3 /* Debug */,
				E05D447A19B92D38001782D3 /* Release */,
			);
			defaultConfigurationIsVisible = 0;
			defaultConfigurationName = Release;
		};
		E05D447B19B92D38001782D3 /* Build configuration list for PBXNativeTarget "TackyTowerTests" */ = {
			isa = XCConfigurationList;
			buildConfigurations = (
				E05D447C19B92D38001782D3 /* Debug */,
				E05D447D19B92D38001782D3 /* Release */,
			);
			defaultConfigurationIsVisible = 0;
			defaultConfigurationName = Release;
		};
/* End XCConfigurationList section */
	};
	rootObject = E05D445019B92D38001782D3 /* Project object */;
}
